
Microsoft Visual Studio Solution File, Format Version 12.00
# Visual Studio Version 16
VisualStudioVersion = 16.0.30717.126
MinimumVisualStudioVersion = 10.0.40219.1
Project("{9A19103F-16F7-4668-BE54-9A1E7A4F7556}") = "TimeBank.ConsoleApp", "TimeBank.ConsoleApp\TimeBank.ConsoleApp.csproj", "{D91BCAA6-586F-496B-BB45-A0EC4DA77335}"
EndProject
Project("{9A19103F-16F7-4668-BE54-9A1E7A4F7556}") = "TimeBank.Core", "TimeBank.Core\TimeBank.Core.csproj", "{8382963A-8596-4D16-BAEA-92914FDB4278}"
EndProject
Project("{9A19103F-16F7-4668-BE54-9A1E7A4F7556}") = "TimeBank.Bussines", "TimeBank.Bussines\TimeBank.Bussines.csproj", "{DB6E9C27-F929-4986-A1C3-ED2F1F252EC6}"
EndProject
Project("{9A19103F-16F7-4668-BE54-9A1E7A4F7556}") = "TimeBank.Wpf", "TimeBank.Wpf\TimeBank.Wpf.csproj", "{E4CBA84A-CD3A-4257-AABD-F6F7DB95A21A}"
EndProject
Project("{2150E333-8FDC-42A3-9474-1A3956D46DE8}") = "Solution Items", "Solution Items", "{55F60525-929C-4604-AA94-BBA4D42442EB}"
	ProjectSection(SolutionItems) = preProject
		E:\Documentos\p6_.NET\boton_cuenta.png = E:\Documentos\p6_.NET\boton_cuenta.png
		E:\Documentos\p6_.NET\boton_cuenta_verde-01.png = E:\Documentos\p6_.NET\boton_cuenta_verde-01.png
		E:\DAM-UOC\Proyectos\g136.jpg = E:\DAM-UOC\Proyectos\g136.jpg
		E:\Documentos\p6_.NET\home_green-01.png = E:\Documentos\p6_.NET\home_green-01.png
		E:\Documentos\p6_.NET\home_white-01.png = E:\Documentos\p6_.NET\home_white-01.png
	EndProjectSection
EndProject
Project("{54435603-DBB4-11D2-8724-00A0C9A8B90C}") = "TimeBank_Setup", "TimeBank_Setup\TimeBank_Setup.vdproj", "{23AE37BF-BB50-4425-B024-C3AEF724D232}"
EndProject
Global
	GlobalSection(SolutionConfigurationPlatforms) = preSolution
		Debug|Any CPU = Debug|Any CPU
		Release|Any CPU = Release|Any CPU
	EndGlobalSection
	GlobalSection(ProjectConfigurationPlatforms) = postSolution
		{D91BCAA6-586F-496B-BB45-A0EC4DA77335}.Debug|Any CPU.ActiveCfg = Debug|Any CPU
		{D91BCAA6-586F-496B-BB45-A0EC4DA77335}.Debug|Any CPU.Build.0 = Debug|Any CPU
		{D91BCAA6-586F-496B-BB45-A0EC4DA77335}.Release|Any CPU.ActiveCfg = Release|Any CPU
		{D91BCAA6-586F-496B-BB45-A0EC4DA77335}.Release|Any CPU.Build.0 = Release|Any CPU
		{8382963A-8596-4D16-BAEA-92914FDB4278}.Debug|Any CPU.ActiveCfg = Debug|Any CPU
		{8382963A-8596-4D16-BAEA-92914FDB4278}.Debug|Any CPU.Build.0 = Debug|Any CPU
		{8382963A-8596-4D16-BAEA-92914FDB4278}.Release|Any CPU.ActiveCfg = Release|Any CPU
		{8382963A-8596-4D16-BAEA-92914FDB4278}.Release|Any CPU.Build.0 = Release|Any CPU
		{DB6E9C27-F929-4986-A1C3-ED2F1F252EC6}.Debug|Any CPU.ActiveCfg = Debug|Any CPU
		{DB6E9C27-F929-4986-A1C3-ED2F1F252EC6}.Debug|Any CPU.Build.0 = Debug|Any CPU
		{DB6E9C27-F929-4986-A1C3-ED2F1F252EC6}.Release|Any CPU.ActiveCfg = Release|Any CPU
		{DB6E9C27-F929-4986-A1C3-ED2F1F252EC6}.Release|Any CPU.Build.0 = Release|Any CPU
		{E4CBA84A-CD3A-4257-AABD-F6F7DB95A21A}.Debug|Any CPU.ActiveCfg = Debug|Any CPU
		{E4CBA84A-CD3A-4257-AABD-F6F7DB95A21A}.Debug|Any CPU.Build.0 = Debug|Any CPU
		{E4CBA84A-CD3A-4257-AABD-F6F7DB95A21A}.Release|Any CPU.ActiveCfg = Release|Any CPU
		{E4CBA84A-CD3A-4257-AABD-F6F7DB95A21A}.Release|Any CPU.Build.0 = Release|Any CPU
		{23AE37BF-BB50-4425-B024-C3AEF724D232}.Debug|Any CPU.ActiveCfg = Debug
		{23AE37BF-BB50-4425-B024-C3AEF724D232}.Release|Any CPU.ActiveCfg = Release
	EndGlobalSection
	GlobalSection(SolutionProperties) = preSolution
		HideSolutionNode = FALSE
	EndGlobalSection
	GlobalSection(ExtensibilityGlobals) = postSolution
		SolutionGuid = {61559C38-8A14-4E4D-A012-863AF675BE8D}
	EndGlobalSection
EndGlobal
